// !$*UTF8*$!
{
	archiveVersion = 1;
	classes = {
	};
	objectVersion = 50;
	objects = {

/* Begin PBXBuildFile section */
		C324D65E212C751C001C25DF /* AppDelegate.swift in Sources */ = {isa = PBXBuildFile; fileRef = C324D65D212C751C001C25DF /* AppDelegate.swift */; };
		C324D660212C751C001C25DF /* ViewController.swift in Sources */ = {isa = PBXBuildFile; fileRef = C324D65F212C751C001C25DF /* ViewController.swift */; };
		C324D663212C751C001C25DF /* Main.storyboard in Resources */ = {isa = PBXBuildFile; fileRef = C324D661212C751C001C25DF /* Main.storyboard */; };
		C324D665212C7520001C25DF /* Assets.xcassets in Resources */ = {isa = PBXBuildFile; fileRef = C324D664212C7520001C25DF /* Assets.xcassets */; };
		C324D668212C7520001C25DF /* LaunchScreen.storyboard in Resources */ = {isa = PBXBuildFile; fileRef = C324D666212C7520001C25DF /* LaunchScreen.storyboard */; };
		C324D672212C767B001C25DF /* TableViewController.swift in Sources */ = {isa = PBXBuildFile; fileRef = C324D671212C767B001C25DF /* TableViewController.swift */; };
		C324D674212C7C17001C25DF /* DayViewController.swift in Sources */ = {isa = PBXBuildFile; fileRef = C324D673212C7C17001C25DF /* DayViewController.swift */; };
/* End PBXBuildFile section */

/* Begin PBXFileReference section */
		C324D65A212C751C001C25DF /* daysOfTheWeek.app */ = {isa = PBXFileReference; explicitFileType = wrapper.application; includeInIndex = 0; path = daysOfTheWeek.app; sourceTree = BUILT_PRODUCTS_DIR; };
		C324D65D212C751C001C25DF /* AppDelegate.swift */ = {isa = PBXFileReference; lastKnownFileType = sourcecode.swift; path = AppDelegate.swift; sourceTree = "<group>"; };
		C324D65F212C751C001C25DF /* ViewController.swift */ = {isa = PBXFileReference; lastKnownFileType = sourcecode.swift; path = ViewController.swift; sourceTree = "<group>"; };
		C324D662212C751C001C25DF /* Base */ = {isa = PBXFileReference; lastKnownFileType = file.storyboard; name = Base; path = Base.lproj/Main.storyboard; sourceTree = "<group>"; };
		C324D664212C7520001C25DF /* Assets.xcassets */ = {isa = PBXFileReference; lastKnownFileType = folder.assetcatalog; path = Assets.xcassets; sourceTree = "<group>"; };
		C324D667212C7520001C25DF /* Base */ = {isa = PBXFileReference; lastKnownFileType = file.storyboard; name = Base; path = Base.lproj/LaunchScreen.storyboard; sourceTree = "<group>"; };
		C324D669212C7520001C25DF /* Info.plist */ = {isa = PBXFileReference; lastKnownFileType = text.plist.xml; path = Info.plist; sourceTree = "<group>"; };
		C324D671212C767B001C25DF /* TableViewController.swift */ = {isa = PBXFileReference; lastKnownFileType = sourcecode.swift; path = TableViewController.swift; sourceTree = "<group>"; };
		C324D673212C7C17001C25DF /* DayViewController.swift */ = {isa = PBXFileReference; lastKnownFileType = sourcecode.swift; path = DayViewController.swift; sourceTree = "<group>"; };
/* End PBXFileReference section */

/* Begin PBXFrameworksBuildPhase section */
		C324D657212C751C001C25DF /* Frameworks */ = {
			isa = PBXFrameworksBuildPhase;
			buildActionMask = 2147483647;
			files = (
			);
			runOnlyForDeploymentPostprocessing = 0;
		};
/* End PBXFrameworksBuildPhase section */

/* Begin PBXGroup section */
		C324D651212C751C001C25DF = {
			isa = PBXGroup;
			children = (
				C324D65C212C751C001C25DF /* daysOfTheWeek */,
				C324D65B212C751C001C25DF /* Products */,
			);
			sourceTree = "<group>";
		};
		C324D65B212C751C001C25DF /* Products */ = {
			isa = PBXGroup;
			children = (
				C324D65A212C751C001C25DF /* daysOfTheWeek.app */,
			);
			name = Products;
			sourceTree = "<group>";
		};
		C324D65C212C751C001C25DF /* daysOfTheWeek */ = {
			isa = PBXGroup;
			children = (
				C324D671212C767B001C25DF /* TableViewController.swift */,
				C324D65D212C751C001C25DF /* AppDelegate.swift */,
				C324D65F212C751C001C25DF /* ViewController.swift */,
				C324D661212C751C001C25DF /* Main.storyboard */,
				C324D673212C7C17001C25DF /* DayViewController.swift */,
				C324D664212C7520001C25DF /* Assets.xcassets */,
				C324D666212C7520001C25DF /* LaunchScreen.storyboard */,
				C324D669212C7520001C25DF /* Info.plist */,
			);
			path = daysOfTheWeek;
			sourceTree = "<group>";
		};
/* End PBXGroup section */

/* Begin PBXNativeTarget section */
		C324D659212C751C001C25DF /* daysOfTheWeek */ = {
			isa = PBXNativeTarget;
			buildConfigurationList = C324D66C212C7520001C25DF /* Build configuration list for PBXNativeTarget "daysOfTheWeek" */;
			buildPhases = (
				C324D656212C751C001C25DF /* Sources */,
				C324D657212C751C001C25DF /* Frameworks */,
				C324D658212C751C001C25DF /* Resources */,
			);
			buildRules = (
			);
			dependencies = (
			);
			name = daysOfTheWeek;
			productName = daysOfTheWeek;
			productReference = C324D65A212C751C001C25DF /* daysOfTheWeek.app */;
			productType = "com.apple.product-type.application";
		};
/* End PBXNativeTarget section */

/* Begin PBXProject section */
		C324D652212C751C001C25DF /* Project object */ = {
			isa = PBXProject;
			attributes = {
				LastSwiftUpdateCheck = 0940;
				LastUpgradeCheck = 0940;
				ORGANIZATIONNAME = "Cody Adcock";
				TargetAttributes = {
					C324D659212C751C001C25DF = {
						CreatedOnToolsVersion = 9.4.1;
					};
				};
			};
			buildConfigurationList = C324D655212C751C001C25DF /* Build configuration list for PBXProject "daysOfTheWeek" */;
			compatibilityVersion = "Xcode 9.3";
			developmentRegion = en;
			hasScannedForEncodings = 0;
			knownRegions = (
				en,
				Base,
			);
			mainGroup = C324D651212C751C001C25DF;
			productRefGroup = C324D65B212C751C001C25DF /* Products */;
			projectDirPath = "";
			projectRoot = "";
			targets = (
				C324D659212C751C001C25DF /* daysOfTheWeek */,
			);
		};
/* End PBXProject section */

/* Begin PBXResourcesBuildPhase section */
		C324D658212C751C001C25DF /* Resources */ = {
			isa = PBXResourcesBuildPhase;
			buildActionMask = 2147483647;
			files = (
				C324D668212C7520001C25DF /* LaunchScreen.storyboard in Resources */,
				C324D665212C7520001C25DF /* Assets.xcassets in Resources */,
				C324D663212C751C001C25DF /* Main.storyboard in Resources */,
			);
			runOnlyForDeploymentPostprocessing = 0;
		};
/* End PBXResourcesBuildPhase section */

/* Begin PBXSourcesBuildPhase section */
		C324D656212C751C001C25DF /* Sources */ = {
			isa = PBXSourcesBuildPhase;
			buildActionMask = 2147483647;
			files = (
				C324D660212C751C001C25DF /* ViewController.swift in Sources */,
				C324D672212C767B001C25DF /* TableViewController.swift in Sources */,
				C324D65E212C751C001C25DF /* AppDelegate.swift in Sources */,
				C324D674212C7C17001C25DF /* DayViewController.swift in Sources */,
			);
			runOnlyForDeploymentPostprocessing = 0;
		};
/* End PBXSourcesBuildPhase section */

/* Begin PBXVariantGroup section */
		C324D661212C751C001C25DF /* Main.storyboard */ = {
			isa = PBXVariantGroup;
			children = (
				C324D662212C751C001C25DF /* Base */,
			);
			name = Main.storyboard;
			sourceTree = "<group>";
		};
		C324D666212C7520001C25DF /* LaunchScreen.storyboard */ = {
			isa = PBXVariantGroup;
			children = (
				C324D667212C7520001C25DF /* Base */,
			);
			name = LaunchScreen.storyboard;
			sourceTree = "<group>";
		};
/* End PBXVariantGroup section */

/* Begin XCBuildConfiguration section */
		C324D66A212C7520001C25DF /* Debug */ = {
			isa = XCBuildConfiguration;
			buildSettings = {
				ALWAYS_SEARCH_USER_PATHS = NO;
				CLANG_ANALYZER_NONNULL = YES;
				CLANG_ANALYZER_NUMBER_OBJECT_CONVERSION = YES_AGGRESSIVE;
				CLANG_CXX_LANGUAGE_STANDARD = "gnu++14";
				CLANG_CXX_LIBRARY = "libc++";
				CLANG_ENABLE_MODULES = YES;
				CLANG_ENABLE_OBJC_ARC = YES;
				CLANG_ENABLE_OBJC_WEAK = YES;
				CLANG_WARN_BLOCK_CAPTURE_AUTORELEASING = YES;
				CLANG_WARN_BOOL_CONVERSION = YES;
				CLANG_WARN_COMMA = YES;
				CLANG_WARN_CONSTANT_CONVERSION = YES;
				CLANG_WARN_DEPRECATED_OBJC_IMPLEMENTATIONS = YES;
				CLANG_WARN_DIRECT_OBJC_ISA_USAGE = YES_ERROR;
				CLANG_WARN_DOCUMENTATION_COMMENTS = YES;
				CLANG_WARN_EMPTY_BODY = YES;
				CLANG_WARN_ENUM_CONVERSION = YES;
				CLANG_WARN_INFINITE_RECURSION = YES;
				CLANG_WARN_INT_CONVERSION = YES;
				CLANG_WARN_NON_LITERAL_NULL_CONVERSION = YES;
				CLANG_WARN_OBJC_IMPLICIT_RETAIN_SELF = YES;
				CLANG_WARN_OBJC_LITERAL_CONVERSION = YES;
				CLANG_WARN_OBJC_ROOT_CLASS = YES_ERROR;
				CLANG_WARN_RANGE_LOOP_ANALYSIS = YES;
				CLANG_WARN_STRICT_PROTOTYPES = YES;
				CLANG_WARN_SUSPICIOUS_MOVE = YES;
				CLANG_WARN_UNGUARDED_AVAILABILITY = YES_AGGRESSIVE;
				CLANG_WARN_UNREACHABLE_CODE = YES;
				CLANG_WARN__DUPLICATE_METHOD_MATCH = YES;
				CODE_SIGN_IDENTITY = "iPhone Developer";
				COPY_PHASE_STRIP = NO;
				DEBUG_INFORMATION_FORMAT = dwarf;
				ENABLE_STRICT_OBJC_MSGSEND = YES;
				ENABLE_TESTABILITY = YES;
				GCC_C_LANGUAGE_STANDARD = gnu11;
				GCC_DYNAMIC_NO_PIC = NO;
				GCC_NO_COMMON_BLOCKS = YES;
				GCC_OPTIMIZATION_LEVEL = 0;
				GCC_PREPROCESSOR_DEFINITIONS = (
					"DEBUG=1",
					"$(inherited)",
				);
				GCC_WARN_64_TO_32_BIT_CONVERSION = YES;
				GCC_WARN_ABOUT_RETURN_TYPE = YES_ERROR;
				GCC_WARN_UNDECLARED_SELECTOR = YES;
				GCC_WARN_UNINITIALIZED_AUTOS = YES_AGGRESSIVE;
				GCC_WARN_UNUSED_FUNCTION = YES;
				GCC_WARN_UNUSED_VARIABLE = YES;
				IPHONEOS_DEPLOYMENT_TARGET = 11.4;
				MTL_ENABLE_DEBUG_INFO = YES;
				ONLY_ACTIVE_ARCH = YES;
				SDKROOT = iphoneos;
				SWIFT_ACTIVE_COMPILATION_CONDITIONS = DEBUG;
				SWIFT_OPTIMIZATION_LEVEL = "-Onone";
			};
			name = Debug;
		};
		C324D66B212C7520001C25DF /* Release */ = {
			isa = XCBuildConfiguration;
			buildSettings = {
				ALWAYS_SEARCH_USER_PATHS = NO;
				CLANG_ANALYZER_NONNULL = YES;
				CLANG_ANALYZER_NUMBER_OBJECT_CONVERSION = YES_AGGRESSIVE;
				CLANG_CXX_LANGUAGE_STANDARD = "gnu++14";
				CLANG_CXX_LIBRARY = "libc++";
				CLANG_ENABLE_MODULES = YES;
				CLANG_ENABLE_OBJC_ARC = YES;
				CLANG_ENABLE_OBJC_WEAK = YES;
				CLANG_WARN_BLOCK_CAPTURE_AUTORELEASING = YES;
				CLANG_WARN_BOOL_CONVERSION = YES;
				CLANG_WARN_COMMA = YES;
				CLANG_WARN_CONSTANT_CONVERSION = YES;
				CLANG_WARN_DEPRECATED_OBJC_IMPLEMENTATIONS = YES;
				CLANG_WARN_DIRECT_OBJC_ISA_USAGE = YES_ERROR;
				CLANG_WARN_DOCUMENTATION_COMMENTS = YES;
				CLANG_WARN_EMPTY_BODY = YES;
				CLANG_WARN_ENUM_CONVERSION = YES;
				CLANG_WARN_INFINITE_RECURSION = YES;
				CLANG_WARN_INT_CONVERSION = YES;
				CLANG_WARN_NON_LITERAL_NULL_CONVERSION = YES;
				CLANG_WARN_OBJC_IMPLICIT_RETAIN_SELF = YES;
				CLANG_WARN_OBJC_LITERAL_CONVERSION = YES;
				CLANG_WARN_OBJC_ROOT_CLASS = YES_ERROR;
				CLANG_WARN_RANGE_LOOP_ANALYSIS = YES;
				CLANG_WARN_STRICT_PROTOTYPES = YES;
				CLANG_WARN_SUSPICIOUS_MOVE = YES;
				CLANG_WARN_UNGUARDED_AVAILABILITY = YES_AGGRESSIVE;
				CLANG_WARN_UNREACHABLE_CODE = YES;
				CLANG_WARN__DUPLICATE_METHOD_MATCH = YES;
				CODE_SIGN_IDENTITY = "iPhone Developer";
				COPY_PHASE_STRIP = NO;
				DEBUG_INFORMATION_FORMAT = "dwarf-with-dsym";
				ENABLE_NS_ASSERTIONS = NO;
				ENABLE_STRICT_OBJC_MSGSEND = YES;
				GCC_C_LANGUAGE_STANDARD = gnu11;
				GCC_NO_COMMON_BLOCKS = YES;
				GCC_WARN_64_TO_32_BIT_CONVERSION = YES;
				GCC_WARN_ABOUT_RETURN_TYPE = YES_ERROR;
				GCC_WARN_UNDECLARED_SELECTOR = YES;
				GCC_WARN_UNINITIALIZED_AUTOS = YES_AGGRESSIVE;
				GCC_WARN_UNUSED_FUNCTION = YES;
				GCC_WARN_UNUSED_VARIABLE = YES;
				IPHONEOS_DEPLOYMENT_TARGET = 11.4;
				MTL_ENABLE_DEBUG_INFO = NO;
				SDKROOT = iphoneos;
				SWIFT_COMPILATION_MODE = wholemodule;
				SWIFT_OPTIMIZATION_LEVEL = "-O";
				VALIDATE_PRODUCT = YES;
			};
			name = Release;
		};
		C324D66D212C7520001C25DF /* Debug */ = {
			isa = XCBuildConfiguration;
			buildSettings = {
				ASSETCATALOG_COMPILER_APPICON_NAME = AppIcon;
				CODE_SIGN_STYLE = Automatic;
				INFOPLIST_FILE = daysOfTheWeek/Info.plist;
				LD_RUNPATH_SEARCH_PATHS = (
					"$(inherited)",
					"@executable_path/Frameworks",
				);
				PRODUCT_BUNDLE_IDENTIFIER = com.example.daysOfTheWeek;
				PRODUCT_NAME = "$(TARGET_NAME)";
				SWIFT_VERSION = 4.0;
				TARGETED_DEVICE_FAMILY = "1,2";
			};
			name = Debug;
		};
		C324D66E212C7520001C25DF /* Release */ = {
			isa = XCBuildConfiguration;
			buildSettings = {
				ASSETCATALOG_COMPILER_APPICON_NAME = AppIcon;
				CODE_SIGN_STYLE = Automatic;
				INFOPLIST_FILE = daysOfTheWeek/Info.plist;
				LD_RUNPATH_SEARCH_PATHS = (
					"$(inherited)",
					"@executable_path/Frameworks",
				);
				PRODUCT_BUNDLE_IDENTIFIER = com.example.daysOfTheWeek;
				PRODUCT_NAME = "$(TARGET_NAME)";
				SWIFT_VERSION = 4.0;
				TARGETED_DEVICE_FAMILY = "1,2";
			};
			name = Release;
		};
/* End XCBuildConfiguration section */

/* Begin XCConfigurationList section */
		C324D655212C751C001C25DF /* Build configuration list for PBXProject "daysOfTheWeek" */ = {
			isa = XCConfigurationList;
			buildConfigurations = (
				C324D66A212C7520001C25DF /* Debug */,
				C324D66B212C7520001C25DF /* Release */,
			);
			defaultConfigurationIsVisible = 0;
			defaultConfigurationName = Release;
		};
		C324D66C212C7520001C25DF /* Build configuration list for PBXNativeTarget "daysOfTheWeek" */ = {
			isa = XCConfigurationList;
			buildConfigurations = (
				C324D66D212C7520001C25DF /* Debug */,
				C324D66E212C7520001C25DF /* Release */,
			);
			defaultConfigurationIsVisible = 0;
			defaultConfigurationName = Release;
		};
/* End XCConfigurationList section */
	};
	rootObject = C324D652212C751C001C25DF /* Project object */;
}
